// !$*UTF8*$!
{
	archiveVersion = 1;
	classes = {
	};
	objectVersion = 46;
	objects = {

/* Begin PBXBuildFile section */
		0E8DF9181CFC90A900579B43 /* RxAlamofire.framework in Frameworks */ = {isa = PBXBuildFile; fileRef = 0E8DF9171CFC90A900579B43 /* RxAlamofire.framework */; };
		0E8DF9191CFC90B300579B43 /* RxAlamofire.framework in CopyFiles */ = {isa = PBXBuildFile; fileRef = 0E8DF9171CFC90A900579B43 /* RxAlamofire.framework */; settings = {ATTRIBUTES = (CodeSignOnCopy, RemoveHeadersOnCopy, ); }; };
		367B245AD378DA843043E24B /* Localizable.stringsdict in Resources */ = {isa = PBXBuildFile; fileRef = 367B25260F1F29714362EFEB /* Localizable.stringsdict */; };
		367B251A6C46EC4FB0571AD6 /* PixabayRepository.swift in Sources */ = {isa = PBXBuildFile; fileRef = 367B285A2C6BE055237B3723 /* PixabayRepository.swift */; };
		367B260A47209DC959F131A8 /* ResponseEntity.swift in Sources */ = {isa = PBXBuildFile; fileRef = 367B2D392E5EE76FF3D86D65 /* ResponseEntity.swift */; };
		367B2ADB0C960FAAFA4C2B0E /* generate.sh in Resources */ = {isa = PBXBuildFile; fileRef = 367B208CECAA3F7112BE7B68 /* generate.sh */; };
		98C96068534357F3FCC651A2 /* ImageSearchTableViewController.swift in Sources */ = {isa = PBXBuildFile; fileRef = 98C96075356A2FA2E6231458 /* ImageSearchTableViewController.swift */; };
		98C960F43525CA61E5626770 /* Strings.swift in Sources */ = {isa = PBXBuildFile; fileRef = 98C9698B99C0EB90FE7C4353 /* Strings.swift */; };
		98C963C4DBE3D4F419200BB9 /* ImageSearchTableViewCell.swift in Sources */ = {isa = PBXBuildFile; fileRef = 98C96946060770E5352525DD /* ImageSearchTableViewCell.swift */; };
		98C965094E9A980DB692A86B /* ImageEntity.swift in Sources */ = {isa = PBXBuildFile; fileRef = 98C96EE51859421075604D3B /* ImageEntity.swift */; };
		98C9660EF29F8F02D416C340 /* Cartfile in Resources */ = {isa = PBXBuildFile; fileRef = 98C9668A15CA41F8538B13C6 /* Cartfile */; };
		98C9670EBE618939DB73C1C7 /* LaunchScreen.storyboard in Resources */ = {isa = PBXBuildFile; fileRef = 98C96644CE03B5F091F60DA3 /* LaunchScreen.storyboard */; };
		98C9676E591AD52710B0AD7C /* Storyboards.swift in Sources */ = {isa = PBXBuildFile; fileRef = 98C96B35153A587107107A39 /* Storyboards.swift */; };
		98C96C43B8454636FB0B57C2 /* Images.swift in Sources */ = {isa = PBXBuildFile; fileRef = 98C96828E2098CA7208B5E38 /* Images.swift */; };
		98C96D36F45CB03F43230805 /* AppDelegate.swift in Sources */ = {isa = PBXBuildFile; fileRef = 98C96F972A7706DD47356B94 /* AppDelegate.swift */; };
		98C96F581F42F56D69850109 /* Assets.xcassets in Resources */ = {isa = PBXBuildFile; fileRef = 98C969FCC14D2E1EF85F628A /* Assets.xcassets */; };
		98C96FB5C8B89A1321CB896C /* Tests.swift in Sources */ = {isa = PBXBuildFile; fileRef = 98C960F4E10ECE8CD6FFCEA5 /* Tests.swift */; };
		AF2284871CFC3FEA003352ED /* Alamofire.framework in Frameworks */ = {isa = PBXBuildFile; fileRef = AF2284821CFC3FEA003352ED /* Alamofire.framework */; };
		AF2284881CFC3FEA003352ED /* RxBlocking.framework in Frameworks */ = {isa = PBXBuildFile; fileRef = AF2284831CFC3FEA003352ED /* RxBlocking.framework */; };
		AF2284891CFC3FEA003352ED /* RxCocoa.framework in Frameworks */ = {isa = PBXBuildFile; fileRef = AF2284841CFC3FEA003352ED /* RxCocoa.framework */; };
		AF22848A1CFC3FEA003352ED /* RxSwift.framework in Frameworks */ = {isa = PBXBuildFile; fileRef = AF2284851CFC3FEA003352ED /* RxSwift.framework */; };
		AF22848B1CFC3FEA003352ED /* Swinject.framework in Frameworks */ = {isa = PBXBuildFile; fileRef = AF2284861CFC3FEA003352ED /* Swinject.framework */; };
		AF22848D1CFC3FFC003352ED /* Alamofire.framework in CopyFiles */ = {isa = PBXBuildFile; fileRef = AF2284821CFC3FEA003352ED /* Alamofire.framework */; settings = {ATTRIBUTES = (CodeSignOnCopy, RemoveHeadersOnCopy, ); }; };
		AF22848E1CFC3FFC003352ED /* RxBlocking.framework in CopyFiles */ = {isa = PBXBuildFile; fileRef = AF2284831CFC3FEA003352ED /* RxBlocking.framework */; settings = {ATTRIBUTES = (CodeSignOnCopy, RemoveHeadersOnCopy, ); }; };
		AF22848F1CFC3FFC003352ED /* RxCocoa.framework in CopyFiles */ = {isa = PBXBuildFile; fileRef = AF2284841CFC3FEA003352ED /* RxCocoa.framework */; settings = {ATTRIBUTES = (CodeSignOnCopy, RemoveHeadersOnCopy, ); }; };
		AF2284901CFC3FFC003352ED /* RxSwift.framework in CopyFiles */ = {isa = PBXBuildFile; fileRef = AF2284851CFC3FEA003352ED /* RxSwift.framework */; settings = {ATTRIBUTES = (CodeSignOnCopy, RemoveHeadersOnCopy, ); }; };
		AF2284911CFC3FFC003352ED /* Swinject.framework in CopyFiles */ = {isa = PBXBuildFile; fileRef = AF2284861CFC3FEA003352ED /* Swinject.framework */; settings = {ATTRIBUTES = (CodeSignOnCopy, RemoveHeadersOnCopy, ); }; };
		AF2284931CFC401E003352ED /* RxTests.framework in Frameworks */ = {isa = PBXBuildFile; fileRef = AF2284921CFC401E003352ED /* RxTests.framework */; };
		AF2284951CFC4028003352ED /* RxTests.framework in CopyFiles */ = {isa = PBXBuildFile; fileRef = AF2284921CFC401E003352ED /* RxTests.framework */; settings = {ATTRIBUTES = (CodeSignOnCopy, RemoveHeadersOnCopy, ); }; };
		AF2284971CFC47D8003352ED /* Himotoki.framework in Frameworks */ = {isa = PBXBuildFile; fileRef = AF2284961CFC47D8003352ED /* Himotoki.framework */; };
		AF2284981CFC47E1003352ED /* Himotoki.framework in CopyFiles */ = {isa = PBXBuildFile; fileRef = AF2284961CFC47D8003352ED /* Himotoki.framework */; settings = {ATTRIBUTES = (CodeSignOnCopy, RemoveHeadersOnCopy, ); }; };
		AF64E21B1CFD4EF900F126CB /* Main.storyboard in Resources */ = {isa = PBXBuildFile; fileRef = AF64E21D1CFD4EF900F126CB /* Main.storyboard */; };
		AF64E2241CFD7C0100F126CB /* Localizable.strings in Resources */ = {isa = PBXBuildFile; fileRef = AF64E2261CFD7C0100F126CB /* Localizable.strings */; };
/* End PBXBuildFile section */

/* Begin PBXContainerItemProxy section */
		98C966CA70AF643EFD77C895 /* PBXContainerItemProxy */ = {
			isa = PBXContainerItemProxy;
			containerPortal = 98C9654157B42D9D8C895876 /* Project object */;
			proxyType = 1;
			remoteGlobalIDString = 98C9682C2CE69B2921628CFD;
			remoteInfo = "iOS-Architecture";
		};
/* End PBXContainerItemProxy section */

/* Begin PBXCopyFilesBuildPhase section */
		AF22848C1CFC3FF3003352ED /* CopyFiles */ = {
			isa = PBXCopyFilesBuildPhase;
			buildActionMask = 2147483647;
			dstPath = "";
			dstSubfolderSpec = 10;
			files = (
				0E8DF9191CFC90B300579B43 /* RxAlamofire.framework in CopyFiles */,
				AF2284981CFC47E1003352ED /* Himotoki.framework in CopyFiles */,
				AF22848D1CFC3FFC003352ED /* Alamofire.framework in CopyFiles */,
				AF22848E1CFC3FFC003352ED /* RxBlocking.framework in CopyFiles */,
				AF22848F1CFC3FFC003352ED /* RxCocoa.framework in CopyFiles */,
				AF2284901CFC3FFC003352ED /* RxSwift.framework in CopyFiles */,
				AF2284911CFC3FFC003352ED /* Swinject.framework in CopyFiles */,
			);
			runOnlyForDeploymentPostprocessing = 0;
		};
		AF2284941CFC4021003352ED /* CopyFiles */ = {
			isa = PBXCopyFilesBuildPhase;
			buildActionMask = 2147483647;
			dstPath = "";
			dstSubfolderSpec = 10;
			files = (
				AF2284951CFC4028003352ED /* RxTests.framework in CopyFiles */,
			);
			runOnlyForDeploymentPostprocessing = 0;
		};
/* End PBXCopyFilesBuildPhase section */

/* Begin PBXFileReference section */
		0E8DF9171CFC90A900579B43 /* RxAlamofire.framework */ = {isa = PBXFileReference; lastKnownFileType = wrapper.framework; path = RxAlamofire.framework; sourceTree = "<group>"; };
		367B208CECAA3F7112BE7B68 /* generate.sh */ = {isa = PBXFileReference; fileEncoding = 4; lastKnownFileType = text.script.sh; path = generate.sh; sourceTree = "<group>"; };
		367B23E22A4373386FD012F7 /* iOS-Architecture-Bridging-Header.h */ = {isa = PBXFileReference; fileEncoding = 4; lastKnownFileType = sourcecode.c.h; path = "iOS-Architecture-Bridging-Header.h"; sourceTree = "<group>"; };
		367B25260F1F29714362EFEB /* Localizable.stringsdict */ = {isa = PBXFileReference; fileEncoding = 4; lastKnownFileType = text.plist.stringsdict; path = Localizable.stringsdict; sourceTree = "<group>"; };
		367B285A2C6BE055237B3723 /* PixabayRepository.swift */ = {isa = PBXFileReference; fileEncoding = 4; lastKnownFileType = sourcecode.swift; path = PixabayRepository.swift; sourceTree = "<group>"; };
		367B2D392E5EE76FF3D86D65 /* ResponseEntity.swift */ = {isa = PBXFileReference; fileEncoding = 4; lastKnownFileType = sourcecode.swift; path = ResponseEntity.swift; sourceTree = "<group>"; };
		98C96075356A2FA2E6231458 /* ImageSearchTableViewController.swift */ = {isa = PBXFileReference; fileEncoding = 4; lastKnownFileType = sourcecode.swift; path = ImageSearchTableViewController.swift; sourceTree = "<group>"; };
		98C960F4E10ECE8CD6FFCEA5 /* Tests.swift */ = {isa = PBXFileReference; lastKnownFileType = sourcecode.swift; path = Tests.swift; sourceTree = "<group>"; };
		98C9653671088CAC3256DCF6 /* Info.plist */ = {isa = PBXFileReference; fileEncoding = 4; lastKnownFileType = text.plist.info; path = Info.plist; sourceTree = "<group>"; };
		98C965462E85C5D1A8D2B751 /* Info.plist */ = {isa = PBXFileReference; lastKnownFileType = text.plist.info; path = Info.plist; sourceTree = "<group>"; };
		98C96644CE03B5F091F60DA3 /* LaunchScreen.storyboard */ = {isa = PBXFileReference; lastKnownFileType = file.storyboard; path = LaunchScreen.storyboard; sourceTree = "<group>"; };
		98C9668A15CA41F8538B13C6 /* Cartfile */ = {isa = PBXFileReference; fileEncoding = 4; lastKnownFileType = text; path = Cartfile; sourceTree = "<group>"; };
		98C96828E2098CA7208B5E38 /* Images.swift */ = {isa = PBXFileReference; fileEncoding = 4; lastKnownFileType = sourcecode.swift; path = Images.swift; sourceTree = "<group>"; };
		98C9683FF839DD5C6C9BB107 /* iOS-Architecture.app */ = {isa = PBXFileReference; explicitFileType = wrapper.application; includeInIndex = 0; path = "iOS-Architecture.app"; sourceTree = BUILT_PRODUCTS_DIR; };
		98C96946060770E5352525DD /* ImageSearchTableViewCell.swift */ = {isa = PBXFileReference; fileEncoding = 4; lastKnownFileType = sourcecode.swift; path = ImageSearchTableViewCell.swift; sourceTree = "<group>"; };
		98C9698B99C0EB90FE7C4353 /* Strings.swift */ = {isa = PBXFileReference; fileEncoding = 4; lastKnownFileType = sourcecode.swift; path = Strings.swift; sourceTree = "<group>"; };
		98C969FCC14D2E1EF85F628A /* Assets.xcassets */ = {isa = PBXFileReference; lastKnownFileType = folder.assetcatalog; path = Assets.xcassets; sourceTree = "<group>"; };
		98C96B35153A587107107A39 /* Storyboards.swift */ = {isa = PBXFileReference; fileEncoding = 4; lastKnownFileType = sourcecode.swift; path = Storyboards.swift; sourceTree = "<group>"; };
		98C96C8231A353FF38FE3AF6 /* iOS-ArchitectureTests.xctest */ = {isa = PBXFileReference; explicitFileType = wrapper.cfbundle; includeInIndex = 0; path = "iOS-ArchitectureTests.xctest"; sourceTree = BUILT_PRODUCTS_DIR; };
		98C96EE51859421075604D3B /* ImageEntity.swift */ = {isa = PBXFileReference; fileEncoding = 4; lastKnownFileType = sourcecode.swift; path = ImageEntity.swift; sourceTree = "<group>"; };
		98C96F972A7706DD47356B94 /* AppDelegate.swift */ = {isa = PBXFileReference; fileEncoding = 4; lastKnownFileType = sourcecode.swift; path = AppDelegate.swift; sourceTree = "<group>"; };
		AF2284821CFC3FEA003352ED /* Alamofire.framework */ = {isa = PBXFileReference; lastKnownFileType = wrapper.framework; path = Alamofire.framework; sourceTree = "<group>"; };
		AF2284831CFC3FEA003352ED /* RxBlocking.framework */ = {isa = PBXFileReference; lastKnownFileType = wrapper.framework; path = RxBlocking.framework; sourceTree = "<group>"; };
		AF2284841CFC3FEA003352ED /* RxCocoa.framework */ = {isa = PBXFileReference; lastKnownFileType = wrapper.framework; path = RxCocoa.framework; sourceTree = "<group>"; };
		AF2284851CFC3FEA003352ED /* RxSwift.framework */ = {isa = PBXFileReference; lastKnownFileType = wrapper.framework; path = RxSwift.framework; sourceTree = "<group>"; };
		AF2284861CFC3FEA003352ED /* Swinject.framework */ = {isa = PBXFileReference; lastKnownFileType = wrapper.framework; path = Swinject.framework; sourceTree = "<group>"; };
		AF2284921CFC401E003352ED /* RxTests.framework */ = {isa = PBXFileReference; lastKnownFileType = wrapper.framework; path = RxTests.framework; sourceTree = "<group>"; };
		AF2284961CFC47D8003352ED /* Himotoki.framework */ = {isa = PBXFileReference; lastKnownFileType = wrapper.framework; path = Himotoki.framework; sourceTree = "<group>"; };
		AF64E21E1CFD647900F126CB /* Base */ = {isa = PBXFileReference; lastKnownFileType = file.storyboard; name = Base; path = Base.lproj/Main.storyboard; sourceTree = "<group>"; };
		AF64E2201CFD65DB00F126CB /* en */ = {isa = PBXFileReference; lastKnownFileType = text.plist.strings; name = en; path = en.lproj/Main.strings; sourceTree = "<group>"; };
		AF64E2251CFD7C0100F126CB /* en */ = {isa = PBXFileReference; lastKnownFileType = text.plist.strings; name = en; path = en.lproj/Localizable.strings; sourceTree = "<group>"; };
/* End PBXFileReference section */

/* Begin PBXFrameworksBuildPhase section */
		98C9673FAC839F10B2A17B75 /* Frameworks */ = {
			isa = PBXFrameworksBuildPhase;
			buildActionMask = 2147483647;
			files = (
				AF2284931CFC401E003352ED /* RxTests.framework in Frameworks */,
			);
			runOnlyForDeploymentPostprocessing = 0;
		};
		98C96827AC5D521373993D4B /* Frameworks */ = {
			isa = PBXFrameworksBuildPhase;
			buildActionMask = 2147483647;
			files = (
				0E8DF9181CFC90A900579B43 /* RxAlamofire.framework in Frameworks */,
				AF2284971CFC47D8003352ED /* Himotoki.framework in Frameworks */,
				AF2284871CFC3FEA003352ED /* Alamofire.framework in Frameworks */,
				AF2284881CFC3FEA003352ED /* RxBlocking.framework in Frameworks */,
				AF2284891CFC3FEA003352ED /* RxCocoa.framework in Frameworks */,
				AF22848A1CFC3FEA003352ED /* RxSwift.framework in Frameworks */,
				AF22848B1CFC3FEA003352ED /* Swinject.framework in Frameworks */,
			);
			runOnlyForDeploymentPostprocessing = 0;
		};
/* End PBXFrameworksBuildPhase section */

/* Begin PBXGroup section */
		98C9610EA0F813799DDCC5C2 /* Resource */ = {
			isa = PBXGroup;
			children = (
				98C969FCC14D2E1EF85F628A /* Assets.xcassets */,
				98C9653671088CAC3256DCF6 /* Info.plist */,
				98C961D60E51E819FC3C4313 /* Storyboard */,
				98C963065236EF7F0D82781F /* Generation */,
				367B23E22A4373386FD012F7 /* iOS-Architecture-Bridging-Header.h */,
				AF64E2261CFD7C0100F126CB /* Localizable.strings */,
				367B25260F1F29714362EFEB /* Localizable.stringsdict */,
			);
			path = Resource;
			sourceTree = "<group>";
		};
		98C961D60E51E819FC3C4313 /* Storyboard */ = {
			isa = PBXGroup;
			children = (
				98C96644CE03B5F091F60DA3 /* LaunchScreen.storyboard */,
				AF64E21D1CFD4EF900F126CB /* Main.storyboard */,
			);
			path = Storyboard;
			sourceTree = "<group>";
		};
		98C962443AA98C0158D5A726 /* iOS-ArchitectureTests */ = {
			isa = PBXGroup;
			children = (
				98C965462E85C5D1A8D2B751 /* Info.plist */,
				98C960F4E10ECE8CD6FFCEA5 /* Tests.swift */,
			);
			path = "iOS-ArchitectureTests";
			sourceTree = "<group>";
		};
		98C962C60BC348E9D3181F2B /* Domain */ = {
			isa = PBXGroup;
			children = (
			);
			path = Domain;
			sourceTree = "<group>";
		};
		98C963065236EF7F0D82781F /* Generation */ = {
			isa = PBXGroup;
			children = (
				98C96B35153A587107107A39 /* Storyboards.swift */,
				98C96828E2098CA7208B5E38 /* Images.swift */,
				98C9698B99C0EB90FE7C4353 /* Strings.swift */,
			);
			path = Generation;
			sourceTree = "<group>";
		};
		98C96321D0F420E4F8898549 /* iOS-Architecture */ = {
			isa = PBXGroup;
			children = (
				98C962C60BC348E9D3181F2B /* Domain */,
				98C96BC6E740927282BEFBBE /* Data */,
				98C968E3BD5AF19D1EFF1B86 /* Presentation */,
				98C9610EA0F813799DDCC5C2 /* Resource */,
			);
			path = "iOS-Architecture";
			sourceTree = "<group>";
		};
		98C963D9004CA75F81B322F8 /* Framework */ = {
			isa = PBXGroup;
			children = (
				0E8DF9171CFC90A900579B43 /* RxAlamofire.framework */,
				AF2284961CFC47D8003352ED /* Himotoki.framework */,
				AF2284921CFC401E003352ED /* RxTests.framework */,
				AF2284821CFC3FEA003352ED /* Alamofire.framework */,
				AF2284831CFC3FEA003352ED /* RxBlocking.framework */,
				AF2284841CFC3FEA003352ED /* RxCocoa.framework */,
				AF2284851CFC3FEA003352ED /* RxSwift.framework */,
				AF2284861CFC3FEA003352ED /* Swinject.framework */,
			);
			path = Framework;
			sourceTree = "<group>";
		};
		98C96453EA0AACB71B1AC1FF /* Products */ = {
			isa = PBXGroup;
			children = (
				98C9683FF839DD5C6C9BB107 /* iOS-Architecture.app */,
				98C96C8231A353FF38FE3AF6 /* iOS-ArchitectureTests.xctest */,
			);
			name = Products;
			sourceTree = "<group>";
		};
		98C968E3BD5AF19D1EFF1B86 /* Presentation */ = {
			isa = PBXGroup;
			children = (
				98C96F972A7706DD47356B94 /* AppDelegate.swift */,
				98C96075356A2FA2E6231458 /* ImageSearchTableViewController.swift */,
				98C96946060770E5352525DD /* ImageSearchTableViewCell.swift */,
			);
			path = Presentation;
			sourceTree = "<group>";
		};
		98C96BC6E740927282BEFBBE /* Data */ = {
			isa = PBXGroup;
			children = (
				98C96EE51859421075604D3B /* ImageEntity.swift */,
				367B2D392E5EE76FF3D86D65 /* ResponseEntity.swift */,
				367B285A2C6BE055237B3723 /* PixabayRepository.swift */,
			);
			path = Data;
			sourceTree = "<group>";
		};
		98C96E1739B3250CC9225B59 = {
			isa = PBXGroup;
			children = (
				98C96453EA0AACB71B1AC1FF /* Products */,
				98C96321D0F420E4F8898549 /* iOS-Architecture */,
				98C962443AA98C0158D5A726 /* iOS-ArchitectureTests */,
				98C963D9004CA75F81B322F8 /* Framework */,
				98C9668A15CA41F8538B13C6 /* Cartfile */,
				367B208CECAA3F7112BE7B68 /* generate.sh */,
			);
			sourceTree = "<group>";
		};
/* End PBXGroup section */

/* Begin PBXNativeTarget section */
		98C9682C2CE69B2921628CFD /* iOS-Architecture */ = {
			isa = PBXNativeTarget;
			buildConfigurationList = 98C96734E063E5C52CC05E63 /* Build configuration list for PBXNativeTarget "iOS-Architecture" */;
			buildPhases = (
				98C96A151A0F955D418834E6 /* Sources */,
				98C96827AC5D521373993D4B /* Frameworks */,
				98C96F45FE40C099BDF5541E /* Resources */,
				AF22848C1CFC3FF3003352ED /* CopyFiles */,
			);
			buildRules = (
			);
			dependencies = (
			);
			name = "iOS-Architecture";
			productName = "iOS-Architecture";
			productReference = 98C9683FF839DD5C6C9BB107 /* iOS-Architecture.app */;
			productType = "com.apple.product-type.application";
		};
		98C96A2A10C8134C60A7B388 /* iOS-ArchitectureTests */ = {
			isa = PBXNativeTarget;
			buildConfigurationList = 98C96E2F717E207630C9042F /* Build configuration list for PBXNativeTarget "iOS-ArchitectureTests" */;
			buildPhases = (
				98C967516A4064E696D60592 /* Sources */,
				98C9673FAC839F10B2A17B75 /* Frameworks */,
				98C96FA2486F1E97CE7481CC /* Resources */,
				AF2284941CFC4021003352ED /* CopyFiles */,
			);
			buildRules = (
			);
			dependencies = (
				98C96A6718AC2B277CF05552 /* PBXTargetDependency */,
			);
			name = "iOS-ArchitectureTests";
			productName = "iOS-ArchitectureTests";
			productReference = 98C96C8231A353FF38FE3AF6 /* iOS-ArchitectureTests.xctest */;
			productType = "com.apple.product-type.bundle.unit-test";
		};
/* End PBXNativeTarget section */

/* Begin PBXProject section */
		98C9654157B42D9D8C895876 /* Project object */ = {
			isa = PBXProject;
			attributes = {
				LastSwiftUpdateCheck = 0730;
				ORGANIZATIONNAME = "PYCO Group";
			};
			buildConfigurationList = 98C969A9DC82E9643632172D /* Build configuration list for PBXProject "iOS-Architecture" */;
			compatibilityVersion = "Xcode 3.2";
			developmentRegion = English;
			hasScannedForEncodings = 0;
			knownRegions = (
				en,
				Base,
			);
			mainGroup = 98C96E1739B3250CC9225B59;
			productRefGroup = 98C96453EA0AACB71B1AC1FF /* Products */;
			projectDirPath = "";
			projectRoot = "";
			targets = (
				98C9682C2CE69B2921628CFD /* iOS-Architecture */,
				98C96A2A10C8134C60A7B388 /* iOS-ArchitectureTests */,
			);
		};
/* End PBXProject section */

/* Begin PBXResourcesBuildPhase section */
		98C96F45FE40C099BDF5541E /* Resources */ = {
			isa = PBXResourcesBuildPhase;
			buildActionMask = 2147483647;
			files = (
				98C96F581F42F56D69850109 /* Assets.xcassets in Resources */,
				98C9670EBE618939DB73C1C7 /* LaunchScreen.storyboard in Resources */,
				AF64E21B1CFD4EF900F126CB /* Main.storyboard in Resources */,
				98C9660EF29F8F02D416C340 /* Cartfile in Resources */,
				AF64E2241CFD7C0100F126CB /* Localizable.strings in Resources */,
				367B2ADB0C960FAAFA4C2B0E /* generate.sh in Resources */,
				367B245AD378DA843043E24B /* Localizable.stringsdict in Resources */,
			);
			runOnlyForDeploymentPostprocessing = 0;
		};
		98C96FA2486F1E97CE7481CC /* Resources */ = {
			isa = PBXResourcesBuildPhase;
			buildActionMask = 2147483647;
			files = (
			);
			runOnlyForDeploymentPostprocessing = 0;
		};
/* End PBXResourcesBuildPhase section */

/* Begin PBXSourcesBuildPhase section */
		98C967516A4064E696D60592 /* Sources */ = {
			isa = PBXSourcesBuildPhase;
			buildActionMask = 2147483647;
			files = (
				98C96FB5C8B89A1321CB896C /* Tests.swift in Sources */,
			);
			runOnlyForDeploymentPostprocessing = 0;
		};
		98C96A151A0F955D418834E6 /* Sources */ = {
			isa = PBXSourcesBuildPhase;
			buildActionMask = 2147483647;
			files = (
				98C96D36F45CB03F43230805 /* AppDelegate.swift in Sources */,
				98C965094E9A980DB692A86B /* ImageEntity.swift in Sources */,
				367B260A47209DC959F131A8 /* ResponseEntity.swift in Sources */,
				367B251A6C46EC4FB0571AD6 /* PixabayRepository.swift in Sources */,
				98C96068534357F3FCC651A2 /* ImageSearchTableViewController.swift in Sources */,
				98C963C4DBE3D4F419200BB9 /* ImageSearchTableViewCell.swift in Sources */,
				98C9676E591AD52710B0AD7C /* Storyboards.swift in Sources */,
				98C96C43B8454636FB0B57C2 /* Images.swift in Sources */,
				98C960F43525CA61E5626770 /* Strings.swift in Sources */,
			);
			runOnlyForDeploymentPostprocessing = 0;
		};
/* End PBXSourcesBuildPhase section */

/* Begin PBXTargetDependency section */
		98C96A6718AC2B277CF05552 /* PBXTargetDependency */ = {
			isa = PBXTargetDependency;
			target = 98C9682C2CE69B2921628CFD /* iOS-Architecture */;
			targetProxy = 98C966CA70AF643EFD77C895 /* PBXContainerItemProxy */;
		};
/* End PBXTargetDependency section */

/* Begin PBXVariantGroup section */
		AF64E21D1CFD4EF900F126CB /* Main.storyboard */ = {
			isa = PBXVariantGroup;
			children = (
				AF64E21E1CFD647900F126CB /* Base */,
				AF64E2201CFD65DB00F126CB /* en */,
			);
			name = Main.storyboard;
			sourceTree = "<group>";
		};
		AF64E2261CFD7C0100F126CB /* Localizable.strings */ = {
			isa = PBXVariantGroup;
			children = (
				AF64E2251CFD7C0100F126CB /* en */,
			);
			name = Localizable.strings;
			sourceTree = "<group>";
		};
/* End PBXVariantGroup section */

/* Begin XCBuildConfiguration section */
		98C9600D1D7FEA864B279C83 /* Release */ = {
			isa = XCBuildConfiguration;
			buildSettings = {
				BUNDLE_LOADER = "$(BUILT_PRODUCTS_DIR)/iOS-Architecture.app/iOS-Architecture";
				FRAMEWORK_SEARCH_PATHS = (
					"$(inherited)",
					"$(PROJECT_DIR)/Framework",
				);
				INFOPLIST_FILE = "iOS-ArchitectureTests/Info.plist";
				LD_RUNPATH_SEARCH_PATHS = "$(inherited) @executable_path/Frameworks @loader_path/Frameworks";
				PRODUCT_BUNDLE_IDENTIFIER = "com.pycogroup.iOS-ArchitectureTests";
				PRODUCT_NAME = "$(TARGET_NAME)";
				TEST_HOST = "$(BUNDLE_LOADER)";
			};
			name = Release;
		};
		98C9624F2896EFE5222DBCDF /* Release */ = {
			isa = XCBuildConfiguration;
			buildSettings = {
				ALWAYS_SEARCH_USER_PATHS = NO;
				CLANG_ANALYZER_NONNULL = YES;
				CLANG_CXX_LANGUAGE_STANDARD = "gnu++0x";
				CLANG_CXX_LIBRARY = "libc++";
				CLANG_ENABLE_MODULES = YES;
				CLANG_ENABLE_OBJC_ARC = YES;
				CLANG_WARN_BOOL_CONVERSION = YES;
				CLANG_WARN_CONSTANT_CONVERSION = YES;
				CLANG_WARN_DIRECT_OBJC_ISA_USAGE = YES_ERROR;
				CLANG_WARN_EMPTY_BODY = YES;
				CLANG_WARN_ENUM_CONVERSION = YES;
				CLANG_WARN_INT_CONVERSION = YES;
				CLANG_WARN_OBJC_ROOT_CLASS = YES_ERROR;
				CLANG_WARN_UNREACHABLE_CODE = YES;
				CLANG_WARN__DUPLICATE_METHOD_MATCH = YES;
				"CODE_SIGN_IDENTITY[sdk=iphoneos*]" = "iPhone Developer";
				COPY_PHASE_STRIP = NO;
				DEBUG_INFORMATION_FORMAT = "dwarf-with-dsym";
				DEFINES_MODULE = YES;
				ENABLE_NS_ASSERTIONS = NO;
				ENABLE_STRICT_OBJC_MSGSEND = YES;
				GCC_C_LANGUAGE_STANDARD = gnu99;
				GCC_NO_COMMON_BLOCKS = YES;
				GCC_WARN_64_TO_32_BIT_CONVERSION = YES;
				GCC_WARN_ABOUT_RETURN_TYPE = YES_ERROR;
				GCC_WARN_UNDECLARED_SELECTOR = YES;
				GCC_WARN_UNINITIALIZED_AUTOS = YES_AGGRESSIVE;
				GCC_WARN_UNUSED_FUNCTION = YES;
				GCC_WARN_UNUSED_VARIABLE = YES;
				IPHONEOS_DEPLOYMENT_TARGET = 9.3;
				MTL_ENABLE_DEBUG_INFO = NO;
				SDKROOT = iphoneos;
				TARGETED_DEVICE_FAMILY = "1,2";
				VALIDATE_PRODUCT = YES;
			};
			name = Release;
		};
		98C9634376D95793A5FE1FB5 /* Debug */ = {
			isa = XCBuildConfiguration;
			buildSettings = {
				BUNDLE_LOADER = "$(BUILT_PRODUCTS_DIR)/iOS-Architecture.app/iOS-Architecture";
				FRAMEWORK_SEARCH_PATHS = (
					"$(inherited)",
					"$(PROJECT_DIR)/Framework",
				);
				INFOPLIST_FILE = "iOS-ArchitectureTests/Info.plist";
				LD_RUNPATH_SEARCH_PATHS = "$(inherited) @executable_path/Frameworks @loader_path/Frameworks";
				PRODUCT_BUNDLE_IDENTIFIER = "com.pycogroup.iOS-ArchitectureTests";
				PRODUCT_NAME = "$(TARGET_NAME)";
				TEST_HOST = "$(BUNDLE_LOADER)";
			};
			name = Debug;
		};
		98C9636F33994C8B07B8B4AC /* Debug */ = {
			isa = XCBuildConfiguration;
			buildSettings = {
				ASSETCATALOG_COMPILER_APPICON_NAME = AppIcon;
				CLANG_ENABLE_MODULES = YES;
				DEFINES_MODULE = YES;
				FRAMEWORK_SEARCH_PATHS = (
					"$(inherited)",
					"$(PROJECT_DIR)/Framework",
				);
				INFOPLIST_FILE = "iOS-Architecture/Resource/Info.plist";
				LD_RUNPATH_SEARCH_PATHS = "$(inherited) @executable_path/Frameworks";
				PRODUCT_BUNDLE_IDENTIFIER = "com.pycogroup.iOS-Architecture";
				PRODUCT_NAME = "$(TARGET_NAME)";
				SWIFT_OBJC_BRIDGING_HEADER = "iOS-Architecture/Resource/iOS-Architecture-Bridging-Header.h";
				SWIFT_OPTIMIZATION_LEVEL = "-Onone";
			};
			name = Debug;
		};
		98C963758FB679CC2BF44EE0 /* Release */ = {
			isa = XCBuildConfiguration;
			buildSettings = {
				ASSETCATALOG_COMPILER_APPICON_NAME = AppIcon;
				CLANG_ENABLE_MODULES = YES;
				DEFINES_MODULE = YES;
				FRAMEWORK_SEARCH_PATHS = (
					"$(inherited)",
					"$(PROJECT_DIR)/Framework",
				);
				INFOPLIST_FILE = "iOS-Architecture/Resource/Info.plist";
				LD_RUNPATH_SEARCH_PATHS = "$(inherited) @executable_path/Frameworks";
				PRODUCT_BUNDLE_IDENTIFIER = "com.pycogroup.iOS-Architecture";
				PRODUCT_NAME = "$(TARGET_NAME)";
				SWIFT_OBJC_BRIDGING_HEADER = "iOS-Architecture/Resource/iOS-Architecture-Bridging-Header.h";
				SWIFT_OPTIMIZATION_LEVEL = "-Onone";
			};
			name = Release;
		};
		98C96CF3CFB83D2E8A2FDF95 /* Debug */ = {
			isa = XCBuildConfiguration;
			buildSettings = {
				ALWAYS_SEARCH_USER_PATHS = NO;
				CLANG_ANALYZER_NONNULL = YES;
				CLANG_CXX_LANGUAGE_STANDARD = "gnu++0x";
				CLANG_CXX_LIBRARY = "libc++";
				CLANG_ENABLE_MODULES = YES;
				CLANG_ENABLE_OBJC_ARC = YES;
				CLANG_WARN_BOOL_CONVERSION = YES;
				CLANG_WARN_CONSTANT_CONVERSION = YES;
				CLANG_WARN_DIRECT_OBJC_ISA_USAGE = YES_ERROR;
				CLANG_WARN_EMPTY_BODY = YES;
				CLANG_WARN_ENUM_CONVERSION = YES;
				CLANG_WARN_INT_CONVERSION = YES;
				CLANG_WARN_OBJC_ROOT_CLASS = YES_ERROR;
				CLANG_WARN_UNREACHABLE_CODE = YES;
				CLANG_WARN__DUPLICATE_METHOD_MATCH = YES;
				"CODE_SIGN_IDENTITY[sdk=iphoneos*]" = "iPhone Developer";
				COPY_PHASE_STRIP = NO;
				DEBUG_INFORMATION_FORMAT = dwarf;
				DEFINES_MODULE = YES;
				ENABLE_STRICT_OBJC_MSGSEND = YES;
				ENABLE_TESTABILITY = YES;
				GCC_C_LANGUAGE_STANDARD = gnu99;
				GCC_DYNAMIC_NO_PIC = NO;
				GCC_NO_COMMON_BLOCKS = YES;
				GCC_OPTIMIZATION_LEVEL = 0;
				GCC_PREPROCESSOR_DEFINITIONS = (
					"DEBUG=1",
					"$(inherited)",
				);
				GCC_WARN_64_TO_32_BIT_CONVERSION = YES;
				GCC_WARN_ABOUT_RETURN_TYPE = YES_ERROR;
				GCC_WARN_UNDECLARED_SELECTOR = YES;
				GCC_WARN_UNINITIALIZED_AUTOS = YES_AGGRESSIVE;
				GCC_WARN_UNUSED_FUNCTION = YES;
				GCC_WARN_UNUSED_VARIABLE = YES;
				IPHONEOS_DEPLOYMENT_TARGET = 9.3;
				MTL_ENABLE_DEBUG_INFO = YES;
				ONLY_ACTIVE_ARCH = YES;
				SDKROOT = iphoneos;
				SWIFT_OPTIMIZATION_LEVEL = "-Onone";
				TARGETED_DEVICE_FAMILY = "1,2";
			};
			name = Debug;
		};
/* End XCBuildConfiguration section */

/* Begin XCConfigurationList section */
		98C96734E063E5C52CC05E63 /* Build configuration list for PBXNativeTarget "iOS-Architecture" */ = {
			isa = XCConfigurationList;
			buildConfigurations = (
				98C9636F33994C8B07B8B4AC /* Debug */,
				98C963758FB679CC2BF44EE0 /* Release */,
			);
			defaultConfigurationIsVisible = 0;
			defaultConfigurationName = Release;
		};
		98C969A9DC82E9643632172D /* Build configuration list for PBXProject "iOS-Architecture" */ = {
			isa = XCConfigurationList;
			buildConfigurations = (
				98C96CF3CFB83D2E8A2FDF95 /* Debug */,
				98C9624F2896EFE5222DBCDF /* Release */,
			);
			defaultConfigurationIsVisible = 0;
			defaultConfigurationName = Release;
		};
		98C96E2F717E207630C9042F /* Build configuration list for PBXNativeTarget "iOS-ArchitectureTests" */ = {
			isa = XCConfigurationList;
			buildConfigurations = (
				98C9634376D95793A5FE1FB5 /* Debug */,
				98C9600D1D7FEA864B279C83 /* Release */,
			);
			defaultConfigurationIsVisible = 0;
			defaultConfigurationName = Release;
		};
/* End XCConfigurationList section */
	};
	rootObject = 98C9654157B42D9D8C895876 /* Project object */;
}
